
Microsoft Visual Studio Solution File, Format Version 12.00
# Visual Studio Version 16
VisualStudioVersion = 16.0.29326.143
MinimumVisualStudioVersion = 10.0.40219.1
Project("{FAE04EC0-301F-11D3-BF4B-00C04F79EFBC}") = "ProjectEuler", "ProjectEuler\ProjectEuler.csproj", "{D2177D21-7985-47CA-982F-3BE90460CCDA}"
EndProject
Global
	GlobalSection(SolutionConfigurationPlatforms) = preSolution
		Debug|Any CPU = Debug|Any CPU
		Release|Any CPU = Release|Any CPU
	EndGlobalSection
	GlobalSection(ProjectConfigurationPlatforms) = postSolution
		{D2177D21-7985-47CA-982F-3BE90460CCDA}.Debug|Any CPU.ActiveCfg = Debug|Any CPU
		{D2177D21-7985-47CA-982F-3BE90460CCDA}.Debug|Any CPU.Build.0 = Debug|Any CPU
		{D2177D21-7985-47CA-982F-3BE90460CCDA}.Release|Any CPU.ActiveCfg = Release|Any CPU
		{D2177D21-7985-47CA-982F-3BE90460CCDA}.Release|Any CPU.Build.0 = Release|Any CPU
	EndGlobalSection
	GlobalSection(SolutionProperties) = preSolution
		HideSolutionNode = FALSE
	EndGlobalSection
	GlobalSection(ExtensibilityGlobals) = postSolution
		SolutionGuid = {E12FC401-44E0-49BA-93A0-FDE323F1552A}
	EndGlobalSection
EndGlobal
